
Microsoft Visual Studio Solution File, Format Version 12.00
# Visual Studio 15
VisualStudioVersion = 15.0.27703.2042
MinimumVisualStudioVersion = 10.0.40219.1
Project("{9A19103F-16F7-4668-BE54-9A1E7A4F7556}") = "SeleniumDers1", "SeleniumDers1\SeleniumDers1.csproj", "{CC4D0147-EFDB-473C-B3F0-7790A9A4F5CA}"
EndProject
Project("{9A19103F-16F7-4668-BE54-9A1E7A4F7556}") = "SeleniumDers2", "SeleniumDers2\SeleniumDers2.csproj", "{0BF60E98-23A8-42C2-BC1C-EDC6D7E00722}"
EndProject
Project("{9A19103F-16F7-4668-BE54-9A1E7A4F7556}") = "SeleniumDers3PomModel", "SeleniumDers3PomModel\SeleniumDers3PomModel.csproj", "{F917B3B8-106E-476F-B844-BE877EC8A6A1}"
EndProject
Project("{FAE04EC0-301F-11D3-BF4B-00C04F79EFBC}") = "AlibabaFacebookLogin", "AlibabaFacebookLogin\AlibabaFacebookLogin.csproj", "{A5F196B9-BB21-42ED-847A-1865B943454E}"
EndProject
Global
	GlobalSection(SolutionConfigurationPlatforms) = preSolution
		Debug|Any CPU = Debug|Any CPU
		Release|Any CPU = Release|Any CPU
	EndGlobalSection
	GlobalSection(ProjectConfigurationPlatforms) = postSolution
		{CC4D0147-EFDB-473C-B3F0-7790A9A4F5CA}.Debug|Any CPU.ActiveCfg = Debug|Any CPU
		{CC4D0147-EFDB-473C-B3F0-7790A9A4F5CA}.Debug|Any CPU.Build.0 = Debug|Any CPU
		{CC4D0147-EFDB-473C-B3F0-7790A9A4F5CA}.Release|Any CPU.ActiveCfg = Release|Any CPU
		{CC4D0147-EFDB-473C-B3F0-7790A9A4F5CA}.Release|Any CPU.Build.0 = Release|Any CPU
		{0BF60E98-23A8-42C2-BC1C-EDC6D7E00722}.Debug|Any CPU.ActiveCfg = Debug|Any CPU
		{0BF60E98-23A8-42C2-BC1C-EDC6D7E00722}.Debug|Any CPU.Build.0 = Debug|Any CPU
		{0BF60E98-23A8-42C2-BC1C-EDC6D7E00722}.Release|Any CPU.ActiveCfg = Release|Any CPU
		{0BF60E98-23A8-42C2-BC1C-EDC6D7E00722}.Release|Any CPU.Build.0 = Release|Any CPU
		{F917B3B8-106E-476F-B844-BE877EC8A6A1}.Debug|Any CPU.ActiveCfg = Debug|Any CPU
		{F917B3B8-106E-476F-B844-BE877EC8A6A1}.Debug|Any CPU.Build.0 = Debug|Any CPU
		{F917B3B8-106E-476F-B844-BE877EC8A6A1}.Release|Any CPU.ActiveCfg = Release|Any CPU
		{F917B3B8-106E-476F-B844-BE877EC8A6A1}.Release|Any CPU.Build.0 = Release|Any CPU
		{A5F196B9-BB21-42ED-847A-1865B943454E}.Debug|Any CPU.ActiveCfg = Debug|Any CPU
		{A5F196B9-BB21-42ED-847A-1865B943454E}.Debug|Any CPU.Build.0 = Debug|Any CPU
		{A5F196B9-BB21-42ED-847A-1865B943454E}.Release|Any CPU.ActiveCfg = Release|Any CPU
		{A5F196B9-BB21-42ED-847A-1865B943454E}.Release|Any CPU.Build.0 = Release|Any CPU
	EndGlobalSection
	GlobalSection(SolutionProperties) = preSolution
		HideSolutionNode = FALSE
	EndGlobalSection
	GlobalSection(ExtensibilityGlobals) = postSolution
		SolutionGuid = {2CD9EC5F-F291-4CB8-A441-CBED090180EB}
	EndGlobalSection
EndGlobal
